{
    "_readme": [
        "This file locks the dependencies of your project to a known state",
        "Read more about it at http://getcomposer.org/doc/01-basic-usage.md#composer-lock-the-lock-file"
    ],
    "hash": "04e80ef6a27a7ba4466b1a6be066b02c",
    "packages": [
        {
            "name": "malyshev/yii-debug-toolbar",
            "version": "dev-master",
            "source": {
                "type": "git",
                "url": "https://github.com/malyshev/yii-debug-toolbar.git",
                "reference": "9102ebaaf5a00a0d2deba73f1f4de3f4198511be"
            },
            "dist": {
                "type": "zip",
                "url": "https://github.com/malyshev/yii-debug-toolbar/archive/9102ebaaf5a00a0d2deba73f1f4de3f4198511be.zip",
                "reference": null,
                "shasum": null
            },
            "type": "yii-extension",
            "description": "A configurable set of panels that display various debug information about the current request/response. ",
            "homepage": "https://github.com/malyshev/yii-debug-toolbar",
            "time": "2013-04-10 15:53:54"
        },
        {
            "name": "yiiext/migrate-command",
            "version": "dev-master",
            "source": {
                "type": "git",
                "url": "https://github.com/yiiext/migrate-command.git",
                "reference": "35f315b"
            },
            "dist": {
                "type": "zip",
                "url": "https://github.com/yiiext/migrate-command/archive/35f315b1fedc40bc9f551758bdb2b7f969d48005.zip",
                "reference": "35f315b",
                "shasum": null
            },
            "type": "yii-extension",
            "description": "This is an enhanced version of the Yii Database Migration Tool that adds module support and many more usefull features.",
            "homepage": "https://github.com/yiiext/migrate-command",
            "time": "2013-05-09 15:14:47"
        },
        {
            "name": "yiisoft/yii",
            "version": "1.1.14",
            "source": {
                "type": "git",
                "url": "https://github.com/yiisoft/yii.git",
                "reference": "f0fee98ee84f70f1f3652f65562c9670e919cb4e"
            },
            "dist": {
                "type": "zip",
                "url": "https://github.com/yiisoft/yii/archive/f0fee98ee84f70f1f3652f65562c9670e919cb4e.zip",
                "reference": null,
                "shasum": null
            },
            "type": "library",
            "description": "Yii PHP Framework",
            "homepage": "https://github.com/yiisoft/yii"
        }
    ],
    "packages-dev": [

    ],
    "aliases": [
        {
            "alias": "0.7.2.1",
            "alias_normalized": "0.7.2.1",
            "version": "9999999-dev",
            "package": "yiiext/migrate-command"
        }
    ],
    "minimum-stability": "stable",
    "stability-flags": {
        "malyshev/yii-debug-toolbar": 20,
        "yiiext/migrate-command": 20
    },
    "platform": {
        "php": ">=5.3.2"
    },
    "platform-dev": [

    ]
}
