{
    "hash": "95c9dafae9eeb026f8fd07b4e142d91a",
    "packages": [
        {
            "name": "mishamx/yii-user",
            "version": "0.0.1",
            "source": {
                "type": "git",
                "url": "https://github.com/phundament/yii-user.git",
                "reference": "7affbb3cef1bd337d3e5f897258561ebb6ea1100"
            },
            "dist": {
                "type": "zip",
                "url": "https://nodeload.github.com/phundament/yii-user/zipball/7affbb3cef1bd337d3e5f897258561ebb6ea1100",
                "reference": null,
                "shasum": null
            },
            "require": {
                "yiisoft/yii": ">=1.1.10"
            },
            "type": "library",
            "installation-source": "dist"
        },
        {
            "name": "yiiext/migrate-command",
            "version": "0.7.1.1",
            "source": {
                "type": "git",
                "url": "https://github.com/yiiext/migrate-command.git",
                "reference": "79b578ed54cdf6ecaa65db0a496151f7528a7e40"
            },
            "dist": {
                "type": "zip",
                "url": "https://nodeload.github.com/yiiext/migrate-command/zipball/79b578ed54cdf6ecaa65db0a496151f7528a7e40",
                "reference": null,
                "shasum": null
            },
            "type": "library",
            "installation-source": "dist"
        },
        {
            "name": "yiisoft/yii",
            "version": "1.1.12",
            "source": {
                "type": "git",
                "url": "https://github.com/yiisoft/yii.git",
                "reference": "b600af63136a8913b192cbe651186f02632c0267"
            },
            "dist": {
                "type": "zip",
                "url": "https://github.com/yiisoft/yii/zipball/1.1.12",
                "reference": null,
                "shasum": null
            },
            "type": "library",
            "installation-source": "dist"
        }
    ],
    "packages-dev": null,
    "aliases": [

    ],
    "minimum-stability": "stable",
    "stability-flags": [

    ]
}
